
Microsoft Visual Studio Solution File, Format Version 12.00
# Visual Studio Version 16
VisualStudioVersion = 16.0.30907.101
MinimumVisualStudioVersion = 15.0.26124.0
Project("{9A19103F-16F7-4668-BE54-9A1E7A4F7556}") = "AgentClient", "AgentClient\AgentClient.csproj", "{D0F8BA44-91C1-4D2E-AF4A-6376EE3C3E69}"
EndProject
Project("{9A19103F-16F7-4668-BE54-9A1E7A4F7556}") = "AgentServer", "AgentServer\AgentServer.csproj", "{59AE8CC5-31B5-4734-B9B2-0C3EC2EB10F0}"
EndProject
Global
	GlobalSection(SolutionConfigurationPlatforms) = preSolution
		Debug|Any CPU = Debug|Any CPU
		Debug|x64 = Debug|x64
		Debug|x86 = Debug|x86
		Release|Any CPU = Release|Any CPU
		Release|x64 = Release|x64
		Release|x86 = Release|x86
	EndGlobalSection
	GlobalSection(ProjectConfigurationPlatforms) = postSolution
		{D0F8BA44-91C1-4D2E-AF4A-6376EE3C3E69}.Debug|Any CPU.ActiveCfg = Debug|Any CPU
		{D0F8BA44-91C1-4D2E-AF4A-6376EE3C3E69}.Debug|Any CPU.Build.0 = Debug|Any CPU
		{D0F8BA44-91C1-4D2E-AF4A-6376EE3C3E69}.Debug|x64.ActiveCfg = Debug|Any CPU
		{D0F8BA44-91C1-4D2E-AF4A-6376EE3C3E69}.Debug|x64.Build.0 = Debug|Any CPU
		{D0F8BA44-91C1-4D2E-AF4A-6376EE3C3E69}.Debug|x86.ActiveCfg = Debug|Any CPU
		{D0F8BA44-91C1-4D2E-AF4A-6376EE3C3E69}.Debug|x86.Build.0 = Debug|Any CPU
		{D0F8BA44-91C1-4D2E-AF4A-6376EE3C3E69}.Release|Any CPU.ActiveCfg = Release|Any CPU
		{D0F8BA44-91C1-4D2E-AF4A-6376EE3C3E69}.Release|Any CPU.Build.0 = Release|Any CPU
		{D0F8BA44-91C1-4D2E-AF4A-6376EE3C3E69}.Release|x64.ActiveCfg = Release|Any CPU
		{D0F8BA44-91C1-4D2E-AF4A-6376EE3C3E69}.Release|x64.Build.0 = Release|Any CPU
		{D0F8BA44-91C1-4D2E-AF4A-6376EE3C3E69}.Release|x86.ActiveCfg = Release|Any CPU
		{D0F8BA44-91C1-4D2E-AF4A-6376EE3C3E69}.Release|x86.Build.0 = Release|Any CPU
		{59AE8CC5-31B5-4734-B9B2-0C3EC2EB10F0}.Debug|Any CPU.ActiveCfg = Debug|Any CPU
		{59AE8CC5-31B5-4734-B9B2-0C3EC2EB10F0}.Debug|Any CPU.Build.0 = Debug|Any CPU
		{59AE8CC5-31B5-4734-B9B2-0C3EC2EB10F0}.Debug|x64.ActiveCfg = Debug|Any CPU
		{59AE8CC5-31B5-4734-B9B2-0C3EC2EB10F0}.Debug|x64.Build.0 = Debug|Any CPU
		{59AE8CC5-31B5-4734-B9B2-0C3EC2EB10F0}.Debug|x86.ActiveCfg = Debug|Any CPU
		{59AE8CC5-31B5-4734-B9B2-0C3EC2EB10F0}.Debug|x86.Build.0 = Debug|Any CPU
		{59AE8CC5-31B5-4734-B9B2-0C3EC2EB10F0}.Release|Any CPU.ActiveCfg = Release|Any CPU
		{59AE8CC5-31B5-4734-B9B2-0C3EC2EB10F0}.Release|Any CPU.Build.0 = Release|Any CPU
		{59AE8CC5-31B5-4734-B9B2-0C3EC2EB10F0}.Release|x64.ActiveCfg = Release|Any CPU
		{59AE8CC5-31B5-4734-B9B2-0C3EC2EB10F0}.Release|x64.Build.0 = Release|Any CPU
		{59AE8CC5-31B5-4734-B9B2-0C3EC2EB10F0}.Release|x86.ActiveCfg = Release|Any CPU
		{59AE8CC5-31B5-4734-B9B2-0C3EC2EB10F0}.Release|x86.Build.0 = Release|Any CPU
	EndGlobalSection
	GlobalSection(SolutionProperties) = preSolution
		HideSolutionNode = FALSE
	EndGlobalSection
	GlobalSection(ExtensibilityGlobals) = postSolution
		SolutionGuid = {0E773FD2-21E4-4647-9CFA-1CB20A0F5C54}
	EndGlobalSection
EndGlobal
